// !$*UTF8*$!
{
	archiveVersion = 1;
	classes = {
	};
	objectVersion = 56;
	objects = {

/* Begin PBXBuildFile section */
		A00000000000000000000011 /* App.swift in Sources */ = {isa = PBXBuildFile; fileRef = A00000000000000000000021 /* App.swift */; };
		A00000000000000000000012 /* ContentView.swift in Sources */ = {isa = PBXBuildFile; fileRef = A00000000000000000000022 /* ContentView.swift */; };
		A00000000000000000000013 /* TreadmillBluetooth.swift in Sources */ = {isa = PBXBuildFile; fileRef = A00000000000000000000023 /* TreadmillBluetooth.swift */; };
		A00000000000000000000014 /* Assets.xcassets in Resources */ = {isa = PBXBuildFile; fileRef = A00000000000000000000024 /* Assets.xcassets */; };
		A00000000000000000000015 = {isa = PBXBuildFile; fileRef = A00000000000000000000025; };
		A00000000000000000000016 = {isa = PBXBuildFile; fileRef = A00000000000000000000026; };
		A00000000000000000000017 = {isa = PBXBuildFile; fileRef = A00000000000000000000027; };
		A00000000000000000000018 = {isa = PBXBuildFile; fileRef = A00000000000000000000028; };
		B00000000000000000000001 = {isa = PBXBuildFile; fileRef = B00000000000000000000011; };
		B00000000000000000000002 = {isa = PBXBuildFile; fileRef = B00000000000000000000012; };
		B00000000000000000000003 = {isa = PBXBuildFile; fileRef = B00000000000000000000013; };
		B00000000000000000000004 = {isa = PBXBuildFile; fileRef = B00000000000000000000014; };
		B00000000000000000000005 = {isa = PBXBuildFile; fileRef = B00000000000000000000015; };
/* End PBXBuildFile section */

/* Begin PBXFileReference section */
		A00000000000000000000020 /* TreadmillFTMSProbe.app */ = {isa = PBXFileReference; explicitFileType = wrapper.application; includeInIndex = 0; path = TreadmillFTMSProbe.app; sourceTree = BUILT_PRODUCTS_DIR; };
		A00000000000000000000021 /* App.swift */ = {isa = PBXFileReference; lastKnownFileType = sourcecode.swift; path = App.swift; sourceTree = "<group>"; };
		A00000000000000000000022 /* ContentView.swift */ = {isa = PBXFileReference; lastKnownFileType = sourcecode.swift; path = ContentView.swift; sourceTree = "<group>"; };
		A00000000000000000000023 /* TreadmillBluetooth.swift */ = {isa = PBXFileReference; lastKnownFileType = sourcecode.swift; path = TreadmillBluetooth.swift; sourceTree = "<group>"; };
		A00000000000000000000024 /* Assets.xcassets */ = {isa = PBXFileReference; lastKnownFileType = folder.assetcatalog; path = Assets.xcassets; sourceTree = "<group>"; };
		A00000000000000000000025 = {isa = PBXFileReference; lastKnownFileType = sourcecode.swift; path = PlanLibrary.swift; sourceTree = "<group>"; };
		A00000000000000000000026 = {isa = PBXFileReference; lastKnownFileType = sourcecode.swift; path = WorkoutData.swift; sourceTree = "<group>"; };
		A00000000000000000000027 = {isa = PBXFileReference; lastKnownFileType = sourcecode.swift; path = WorkoutRecorder.swift; sourceTree = "<group>"; };
		A00000000000000000000028 = {isa = PBXFileReference; lastKnownFileType = sourcecode.swift; path = PlanImport.swift; sourceTree = "<group>"; };
		B00000000000000000000011 = {isa = PBXFileReference; lastKnownFileType = sourcecode.swift; path = ScaleProtocol.swift; sourceTree = "<group>"; };
		B00000000000000000000012 = {isa = PBXFileReference; lastKnownFileType = sourcecode.swift; path = ScaleBluetooth.swift; sourceTree = "<group>"; };
		B00000000000000000000013 = {isa = PBXFileReference; lastKnownFileType = sourcecode.swift; path = WeightView.swift; sourceTree = "<group>"; };
		B00000000000000000000014 = {isa = PBXFileReference; lastKnownFileType = sourcecode.swift; path = WeightHealthStore.swift; sourceTree = "<group>"; };
		B00000000000000000000015 = {isa = PBXFileReference; lastKnownFileType = sourcecode.swift; path = AppDesign.swift; sourceTree = "<group>"; };
/* End PBXFileReference section */

/* Begin PBXFrameworksBuildPhase section */
		A00000000000000000000031 /* Frameworks */ = {
			isa = PBXFrameworksBuildPhase;
			buildActionMask = 2147483647;
			files = (
			);
			runOnlyForDeploymentPostprocessing = 0;
		};
/* End PBXFrameworksBuildPhase section */

/* Begin PBXGroup section */
		A00000000000000000000040 = {
			isa = PBXGroup;
			children = (
				A00000000000000000000041 /* TreadmillFTMSProbe */,
				A00000000000000000000042 /* Products */,
			);
			sourceTree = "<group>";
		};
		A00000000000000000000041 /* TreadmillFTMSProbe */ = {
			isa = PBXGroup;
			children = (
				A00000000000000000000021 /* App.swift */,
				A00000000000000000000022 /* ContentView.swift */,
				A00000000000000000000023 /* TreadmillBluetooth.swift */,
				A00000000000000000000024 /* Assets.xcassets */,
				A00000000000000000000025,
				A00000000000000000000028,
				B00000000000000000000013,
				B00000000000000000000014,
				B00000000000000000000015,
				B00000000000000000000012,
				B00000000000000000000011,
				A00000000000000000000027,
				A00000000000000000000026,
			);
			path = TreadmillFTMSProbe;
			sourceTree = "<group>";
		};
		A00000000000000000000042 /* Products */ = {
			isa = PBXGroup;
			children = (
				A00000000000000000000020 /* TreadmillFTMSProbe.app */,
			);
			name = Products;
			sourceTree = "<group>";
		};
/* End PBXGroup section */

/* Begin PBXNativeTarget section */
		A00000000000000000000050 /* TreadmillFTMSProbe */ = {
			isa = PBXNativeTarget;
			buildConfigurationList = A00000000000000000000061 /* Build configuration list for PBXNativeTarget "TreadmillFTMSProbe" */;
			buildPhases = (
				A00000000000000000000030 /* Sources */,
				A00000000000000000000031 /* Frameworks */,
				A00000000000000000000032 /* Resources */,
			);
			buildRules = (
			);
			dependencies = (
			);
			name = TreadmillFTMSProbe;
			productName = TreadmillFTMSProbe;
			productReference = A00000000000000000000020 /* TreadmillFTMSProbe.app */;
			productType = "com.apple.product-type.application";
		};
/* End PBXNativeTarget section */

/* Begin PBXProject section */
		A00000000000000000000060 /* Project object */ = {
			isa = PBXProject;
			attributes = {
				BuildIndependentTargetsInParallel = YES;
				LastUpgradeCheck = 2700;
				TargetAttributes = {
					A00000000000000000000050 = {
						CreatedOnToolsVersion = 16.0;
						SystemCapabilities = { com.apple.HealthKit = { enabled = 1; }; };
					};
				};
			};
			buildConfigurationList = A00000000000000000000062 /* Build configuration list for PBXProject "TreadmillFTMSProbe" */;
			compatibilityVersion = "Xcode 14.0";
			developmentRegion = en;
			hasScannedForEncodings = 0;
			knownRegions = (
				en,
				Base,
			);
			mainGroup = A00000000000000000000040;
			productRefGroup = A00000000000000000000042 /* Products */;
			projectDirPath = "";
			projectRoot = "";
			targets = (
				A00000000000000000000050 /* TreadmillFTMSProbe */,
			);
		};
/* End PBXProject section */

/* Begin PBXResourcesBuildPhase section */
		A00000000000000000000032 /* Resources */ = {
			isa = PBXResourcesBuildPhase;
			buildActionMask = 2147483647;
			files = (
				A00000000000000000000014 /* Assets.xcassets in Resources */,
			);
			runOnlyForDeploymentPostprocessing = 0;
		};
/* End PBXResourcesBuildPhase section */

/* Begin PBXSourcesBuildPhase section */
		A00000000000000000000030 /* Sources */ = {
			isa = PBXSourcesBuildPhase;
			buildActionMask = 2147483647;
			files = (
				A00000000000000000000011 /* App.swift in Sources */,
				A00000000000000000000012 /* ContentView.swift in Sources */,
				A00000000000000000000013 /* TreadmillBluetooth.swift in Sources */,
				A00000000000000000000015,
				A00000000000000000000018,
				B00000000000000000000003,
				B00000000000000000000004,
				B00000000000000000000005,
				B00000000000000000000002,
				B00000000000000000000001,
				A00000000000000000000017,
				A00000000000000000000016,
			);
			runOnlyForDeploymentPostprocessing = 0;
		};
/* End PBXSourcesBuildPhase section */

/* Begin XCBuildConfiguration section */
		A00000000000000000000071 /* Debug */ = {
			isa = XCBuildConfiguration;
			buildSettings = {
				ALWAYS_SEARCH_USER_PATHS = NO;
				ASSETCATALOG_COMPILER_APPICON_NAME = AppIcon;
				CLANG_ENABLE_MODULES = YES;
				CLANG_ENABLE_OBJC_WEAK = YES;
				CODE_SIGN_STYLE = Automatic;
				DEBUG_INFORMATION_FORMAT = dwarf;
				ENABLE_TESTABILITY = YES;
				GENERATE_INFOPLIST_FILE = YES;
				INFOPLIST_KEY_CFBundleDisplayName = FitnessAuto;
				CODE_SIGN_ENTITLEMENTS = TreadmillFTMSProbe/TreadmillFTMSProbe.entitlements;
				INFOPLIST_KEY_NSHealthShareUsageDescription = "读取身高、出生日期、性别和最近体重，用于展示个人资料与计算 BMI；读取已有运动及体重、BMI 记录以检查重复。";
				INFOPLIST_KEY_NSHealthUpdateUsageDescription = "将运动记录、距离和热量，以及你选择同步的体重与 BMI 写入苹果健康。";
				INFOPLIST_KEY_NSBluetoothAlwaysUsageDescription = "用于连接跑步机控制训练，以及连接体脂秤读取测量数据。";
				IPHONEOS_DEPLOYMENT_TARGET = 17.0;
				LD_RUNPATH_SEARCH_PATHS = (
					"$(inherited)",
					"@executable_path/Frameworks",
				);
				PRODUCT_BUNDLE_IDENTIFIER = com.example.TreadmillFTMSProbe;
				PRODUCT_NAME = "$(TARGET_NAME)";
				MARKETING_VERSION = 1.0;
				CURRENT_PROJECT_VERSION = 20261010.3;
				SDKROOT = iphoneos;
				SWIFT_ACTIVE_COMPILATION_CONDITIONS = DEBUG;
				SWIFT_OPTIMIZATION_LEVEL = "-Onone";
				SWIFT_VERSION = 5.0;
				TARGETED_DEVICE_FAMILY = 1;
			};
			name = Debug;
		};
		A00000000000000000000072 /* Release */ = {
			isa = XCBuildConfiguration;
			buildSettings = {
				ALWAYS_SEARCH_USER_PATHS = NO;
				ASSETCATALOG_COMPILER_APPICON_NAME = AppIcon;
				CLANG_ENABLE_MODULES = YES;
				CLANG_ENABLE_OBJC_WEAK = YES;
				CODE_SIGN_STYLE = Automatic;
				DEBUG_INFORMATION_FORMAT = "dwarf-with-dsym";
				GENERATE_INFOPLIST_FILE = YES;
				INFOPLIST_KEY_CFBundleDisplayName = FitnessAuto;
				CODE_SIGN_ENTITLEMENTS = TreadmillFTMSProbe/TreadmillFTMSProbe.entitlements;
				INFOPLIST_KEY_NSHealthShareUsageDescription = "读取身高、出生日期、性别和最近体重，用于展示个人资料与计算 BMI；读取已有运动及体重、BMI 记录以检查重复。";
				INFOPLIST_KEY_NSHealthUpdateUsageDescription = "将运动记录、距离和热量，以及你选择同步的体重与 BMI 写入苹果健康。";
				INFOPLIST_KEY_NSBluetoothAlwaysUsageDescription = "用于连接跑步机控制训练，以及连接体脂秤读取测量数据。";
				IPHONEOS_DEPLOYMENT_TARGET = 17.0;
				LD_RUNPATH_SEARCH_PATHS = (
					"$(inherited)",
					"@executable_path/Frameworks",
				);
				PRODUCT_BUNDLE_IDENTIFIER = com.example.TreadmillFTMSProbe;
				PRODUCT_NAME = "$(TARGET_NAME)";
				MARKETING_VERSION = 1.0;
				CURRENT_PROJECT_VERSION = 20261010.3;
				SDKROOT = iphoneos;
				SWIFT_COMPILATION_MODE = wholemodule;
				SWIFT_OPTIMIZATION_LEVEL = "-O";
				SWIFT_VERSION = 5.0;
				TARGETED_DEVICE_FAMILY = 1;
			};
			name = Release;
		};
		A00000000000000000000073 /* Debug */ = {
			isa = XCBuildConfiguration;
			buildSettings = {
				CLANG_WARN_BLOCK_CAPTURE_AUTORELEASING = YES;
				CLANG_WARN_BOOL_CONVERSION = YES;
				CLANG_WARN_COMMA = YES;
				CLANG_WARN_CONSTANT_CONVERSION = YES;
				CLANG_WARN_DEPRECATED_OBJC_IMPLEMENTATIONS = YES;
				CLANG_WARN_EMPTY_BODY = YES;
				CLANG_WARN_ENUM_CONVERSION = YES;
				CLANG_WARN_INFINITE_RECURSION = YES;
				CLANG_WARN_INT_CONVERSION = YES;
				CLANG_WARN_NON_LITERAL_NULL_CONVERSION = YES;
				CLANG_WARN_OBJC_IMPLICIT_RETAIN_SELF = YES;
				CLANG_WARN_OBJC_LITERAL_CONVERSION = YES;
				CLANG_WARN_QUOTED_INCLUDE_IN_FRAMEWORK_HEADER = YES;
				CLANG_WARN_RANGE_LOOP_ANALYSIS = YES;
				CLANG_WARN_STRICT_PROTOTYPES = YES;
				CLANG_WARN_SUSPICIOUS_MOVE = YES;
				CLANG_WARN_UNREACHABLE_CODE = YES;
				CLANG_WARN__DUPLICATE_METHOD_MATCH = YES;
				DEVELOPMENT_TEAM = 7MJT6LS844;
				ENABLE_STRICT_OBJC_MSGSEND = YES;
				ENABLE_TESTABILITY = YES;
				ENABLE_USER_SCRIPT_SANDBOXING = YES;
				GCC_NO_COMMON_BLOCKS = YES;
				GCC_WARN_64_TO_32_BIT_CONVERSION = YES;
				GCC_WARN_ABOUT_RETURN_TYPE = YES;
				GCC_WARN_UNDECLARED_SELECTOR = YES;
				GCC_WARN_UNINITIALIZED_AUTOS = YES;
				GCC_WARN_UNUSED_FUNCTION = YES;
				GCC_WARN_UNUSED_VARIABLE = YES;
				ONLY_ACTIVE_ARCH = YES;
				SDKROOT = iphoneos;
				STRING_CATALOG_GENERATE_SYMBOLS = YES;
			};
			name = Debug;
		};
		A00000000000000000000074 /* Release */ = {
			isa = XCBuildConfiguration;
			buildSettings = {
				CLANG_WARN_BLOCK_CAPTURE_AUTORELEASING = YES;
				CLANG_WARN_BOOL_CONVERSION = YES;
				CLANG_WARN_COMMA = YES;
				CLANG_WARN_CONSTANT_CONVERSION = YES;
				CLANG_WARN_DEPRECATED_OBJC_IMPLEMENTATIONS = YES;
				CLANG_WARN_EMPTY_BODY = YES;
				CLANG_WARN_ENUM_CONVERSION = YES;
				CLANG_WARN_INFINITE_RECURSION = YES;
				CLANG_WARN_INT_CONVERSION = YES;
				CLANG_WARN_NON_LITERAL_NULL_CONVERSION = YES;
				CLANG_WARN_OBJC_IMPLICIT_RETAIN_SELF = YES;
				CLANG_WARN_OBJC_LITERAL_CONVERSION = YES;
				CLANG_WARN_QUOTED_INCLUDE_IN_FRAMEWORK_HEADER = YES;
				CLANG_WARN_RANGE_LOOP_ANALYSIS = YES;
				CLANG_WARN_STRICT_PROTOTYPES = YES;
				CLANG_WARN_SUSPICIOUS_MOVE = YES;
				CLANG_WARN_UNREACHABLE_CODE = YES;
				CLANG_WARN__DUPLICATE_METHOD_MATCH = YES;
				DEVELOPMENT_TEAM = 7MJT6LS844;
				ENABLE_STRICT_OBJC_MSGSEND = YES;
				ENABLE_USER_SCRIPT_SANDBOXING = YES;
				GCC_NO_COMMON_BLOCKS = YES;
				GCC_WARN_64_TO_32_BIT_CONVERSION = YES;
				GCC_WARN_ABOUT_RETURN_TYPE = YES;
				GCC_WARN_UNDECLARED_SELECTOR = YES;
				GCC_WARN_UNINITIALIZED_AUTOS = YES;
				GCC_WARN_UNUSED_FUNCTION = YES;
				GCC_WARN_UNUSED_VARIABLE = YES;
				SDKROOT = iphoneos;
				STRING_CATALOG_GENERATE_SYMBOLS = YES;
			};
			name = Release;
		};
/* End XCBuildConfiguration section */

/* Begin XCConfigurationList section */
		A00000000000000000000061 /* Build configuration list for PBXNativeTarget "TreadmillFTMSProbe" */ = {
			isa = XCConfigurationList;
			buildConfigurations = (
				A00000000000000000000071 /* Debug */,
				A00000000000000000000072 /* Release */,
			);
			defaultConfigurationIsVisible = 0;
			defaultConfigurationName = Debug;
		};
		A00000000000000000000062 /* Build configuration list for PBXProject "TreadmillFTMSProbe" */ = {
			isa = XCConfigurationList;
			buildConfigurations = (
				A00000000000000000000073 /* Debug */,
				A00000000000000000000074 /* Release */,
			);
			defaultConfigurationIsVisible = 0;
			defaultConfigurationName = Debug;
		};
/* End XCConfigurationList section */
	};
	rootObject = A00000000000000000000060 /* Project object */;
}
